
Microsoft Visual Studio Solution File, Format Version 12.00
# Visual Studio 15
VisualStudioVersion = 15.0.28307.421
MinimumVisualStudioVersion = 10.0.40219.1
Project("{FAE04EC0-301F-11D3-BF4B-00C04F79EFBC}") = "ResponsiPemrog2248", "ResponsiPemrog2248\ResponsiPemrog2248.csproj", "{74F1D63A-E4B8-43BA-AA4E-E78C7E101A66}"
EndProject
Global
	GlobalSection(SolutionConfigurationPlatforms) = preSolution
		Debug|Any CPU = Debug|Any CPU
		Release|Any CPU = Release|Any CPU
	EndGlobalSection
	GlobalSection(ProjectConfigurationPlatforms) = postSolution
		{74F1D63A-E4B8-43BA-AA4E-E78C7E101A66}.Debug|Any CPU.ActiveCfg = Debug|Any CPU
		{74F1D63A-E4B8-43BA-AA4E-E78C7E101A66}.Debug|Any CPU.Build.0 = Debug|Any CPU
		{74F1D63A-E4B8-43BA-AA4E-E78C7E101A66}.Release|Any CPU.ActiveCfg = Release|Any CPU
		{74F1D63A-E4B8-43BA-AA4E-E78C7E101A66}.Release|Any CPU.Build.0 = Release|Any CPU
	EndGlobalSection
	GlobalSection(SolutionProperties) = preSolution
		HideSolutionNode = FALSE
	EndGlobalSection
	GlobalSection(ExtensibilityGlobals) = postSolution
		SolutionGuid = {45831165-E0BF-452A-AB80-90442792BDF0}
	EndGlobalSection
EndGlobal
